
Microsoft Visual Studio Solution File, Format Version 12.00
# Visual Studio Version 17
VisualStudioVersion = 17.1.32328.378
MinimumVisualStudioVersion = 10.0.40219.1
Project("{FAE04EC0-301F-11D3-BF4B-00C04F79EFBC}") = "Homework", "Homework\Homework.csproj", "{EA18B063-C3BB-4AF9-9653-E45EDEDFEA53}"
EndProject
Project("{00D1A9C2-B5F0-4AF3-8072-F6C62B433612}") = "Student", "Student\Student.sqlproj", "{23BEB386-D04F-4D5E-BF83-DEFCDC76408A}"
EndProject
Global
	GlobalSection(SolutionConfigurationPlatforms) = preSolution
		Debug|Any CPU = Debug|Any CPU
		Release|Any CPU = Release|Any CPU
	EndGlobalSection
	GlobalSection(ProjectConfigurationPlatforms) = postSolution
		{EA18B063-C3BB-4AF9-9653-E45EDEDFEA53}.Debug|Any CPU.ActiveCfg = Debug|Any CPU
		{EA18B063-C3BB-4AF9-9653-E45EDEDFEA53}.Debug|Any CPU.Build.0 = Debug|Any CPU
		{EA18B063-C3BB-4AF9-9653-E45EDEDFEA53}.Release|Any CPU.ActiveCfg = Release|Any CPU
		{EA18B063-C3BB-4AF9-9653-E45EDEDFEA53}.Release|Any CPU.Build.0 = Release|Any CPU
		{23BEB386-D04F-4D5E-BF83-DEFCDC76408A}.Debug|Any CPU.ActiveCfg = Debug|Any CPU
		{23BEB386-D04F-4D5E-BF83-DEFCDC76408A}.Debug|Any CPU.Build.0 = Debug|Any CPU
		{23BEB386-D04F-4D5E-BF83-DEFCDC76408A}.Debug|Any CPU.Deploy.0 = Debug|Any CPU
		{23BEB386-D04F-4D5E-BF83-DEFCDC76408A}.Release|Any CPU.ActiveCfg = Release|Any CPU
		{23BEB386-D04F-4D5E-BF83-DEFCDC76408A}.Release|Any CPU.Build.0 = Release|Any CPU
		{23BEB386-D04F-4D5E-BF83-DEFCDC76408A}.Release|Any CPU.Deploy.0 = Release|Any CPU
	EndGlobalSection
	GlobalSection(SolutionProperties) = preSolution
		HideSolutionNode = FALSE
	EndGlobalSection
	GlobalSection(ExtensibilityGlobals) = postSolution
		SolutionGuid = {F9AB775A-76B0-47FB-A052-B97D8206EEE0}
	EndGlobalSection
EndGlobal
